{
  "nodes": {
    "dotfiles": {
      "flake": false,
      "locked": {
        "narHash": "sha256-bVrVJge6OHb7M12yQvctTKFk51CY0jGTl6VK1JRU4o4=",
        "path": "/etc/nixos/users/parasrah/dotfiles",
        "type": "path"
      },
      "original": {
        "path": "/etc/nixos/users/parasrah/dotfiles",
        "type": "path"
      }
    },
    "dungeondraft": {
      "flake": false,
      "locked": {
        "narHash": "sha256-7WnJPrNpN3K21DtJ8JsneoZ4GvUA9INA7M0nVpf4mgg=",
        "path": "/etc/nixos/pkgs/dungeondraft",
        "type": "path"
      },
      "original": {
        "path": "/etc/nixos/pkgs/dungeondraft",
        "type": "path"
      }
    },
    "flake-utils": {
      "locked": {
        "lastModified": 1610051610,
        "narHash": "sha256-U9rPz/usA1/Aohhk7Cmc2gBrEEKRzcW4nwPWMPwja4Y=",
        "owner": "numtide",
        "repo": "flake-utils",
        "rev": "3982c9903e93927c2164caa727cd3f6a0e6d14cc",
        "type": "github"
      },
      "original": {
        "owner": "numtide",
        "repo": "flake-utils",
        "type": "github"
      }
    },
    "home": {
      "inputs": {
        "nixpkgs": "nixpkgs"
      },
      "locked": {
        "lastModified": 1612902587,
        "narHash": "sha256-VZ7Z1OMFf5ReObu3CCVBsC2DWloTYDjqW1onUKejVrE=",
        "owner": "rycee",
        "repo": "home-manager",
        "rev": "209566c752c4428c7692c134731971193f06b37c",
        "type": "github"
      },
      "original": {
        "owner": "rycee",
        "ref": "release-20.09",
        "repo": "home-manager",
        "type": "github"
      }
    },
    "nixpkgs": {
      "locked": {
        "lastModified": 1614030044,
        "narHash": "sha256-E7FZwYNu23rQ/RgJpsxnx8Kepf3Gfmex9ntPi8irWQs=",
        "owner": "NixOS",
        "repo": "nixpkgs",
        "rev": "eb01bbdf8c4dcd10b249102febeda0f82f3126e9",
        "type": "github"
      },
      "original": {
        "id": "nixpkgs",
        "type": "indirect"
      }
    },
    "nixpkgs-unstable": {
      "locked": {
        "lastModified": 1614989413,
        "narHash": "sha256-g503bGSdVhLu2cKR5sHG8XetLFrVUzAL3+mrnQJpmdY=",
        "owner": "NixOS",
        "repo": "nixpkgs",
        "rev": "102eb68ceecbbd32ab1906a53ef5a7269dc9794a",
        "type": "github"
      },
      "original": {
        "owner": "NixOS",
        "ref": "nixos-unstable",
        "repo": "nixpkgs",
        "type": "github"
      }
    },
    "nixpkgs_2": {
      "locked": {
        "lastModified": 1615028506,
        "narHash": "sha256-OiRfJ81e/kDAtg6YOlaVbvXLZ6tbo2Av/SEC1qs4WnE=",
        "owner": "NixOS",
        "repo": "nixpkgs",
        "rev": "37b47da04ca50d17934881192e65ad2df83704b5",
        "type": "github"
      },
      "original": {
        "owner": "NixOS",
        "ref": "nixos-20.09",
        "repo": "nixpkgs",
        "type": "github"
      }
    },
    "root": {
      "inputs": {
        "dotfiles": "dotfiles",
        "dungeondraft": "dungeondraft",
        "flake-utils": "flake-utils",
        "home": "home",
        "nixpkgs": "nixpkgs_2",
        "nixpkgs-unstable": "nixpkgs-unstable",
        "sops-nix": "sops-nix",
        "wonderdraft": "wonderdraft"
      }
    },
    "sops-nix": {
      "inputs": {
        "nixpkgs": [
          "nixpkgs"
        ]
      },
      "locked": {
        "lastModified": 1613973816,
        "narHash": "sha256-00Rd7RsG+c/KQVPu89Gh5Wsn0JPTQjX5Bea9xc3/z1g=",
        "owner": "Mic92",
        "repo": "sops-nix",
        "rev": "5f82119d97d1e1b08737effdaec4e6a2ad4234f5",
        "type": "github"
      },
      "original": {
        "owner": "Mic92",
        "repo": "sops-nix",
        "type": "github"
      }
    },
    "wonderdraft": {
      "flake": false,
      "locked": {
        "narHash": "sha256-zRlUDRX1gEZ/N0jl+ASGAkQCN4LcN+z6Fy/8CqJ9Osw=",
        "path": "/etc/nixos/pkgs/wonderdraft",
        "type": "path"
      },
      "original": {
        "path": "/etc/nixos/pkgs/wonderdraft",
        "type": "path"
      }
    }
  },
  "root": "root",
  "version": 7
}
