{
  "nodes": {
    "dotfiles": {
      "flake": false,
      "locked": {
        "narHash": "sha256-D7w3oYxCz37lzT5MflaJZdfmSniESnJRA61BT465Xas=",
        "path": "/etc/nixos/users/parasrah/dotfiles",
        "type": "path"
      },
      "original": {
        "path": "/etc/nixos/users/parasrah/dotfiles",
        "type": "path"
      }
    },
    "dungeondraft": {
      "flake": false,
      "locked": {
        "narHash": "sha256-7WnJPrNpN3K21DtJ8JsneoZ4GvUA9INA7M0nVpf4mgg=",
        "path": "/etc/nixos/pkgs/dungeondraft",
        "type": "path"
      },
      "original": {
        "path": "/etc/nixos/pkgs/dungeondraft",
        "type": "path"
      }
    },
    "flake-utils": {
      "locked": {
        "lastModified": 1618868421,
        "narHash": "sha256-vyoJhLV6cJ8/tWz+l9HZLIkb9Rd9esE7p+0RL6zDR6Y=",
        "owner": "numtide",
        "repo": "flake-utils",
        "rev": "eed214942bcfb3a8cc09eb3b28ca7d7221e44a94",
        "type": "github"
      },
      "original": {
        "owner": "numtide",
        "repo": "flake-utils",
        "type": "github"
      }
    },
    "flake-utils_2": {
      "locked": {
        "lastModified": 1618217525,
        "narHash": "sha256-WGrhVczjXTiswQaoxQ+0PTfbLNeOQM6M36zvLn78AYg=",
        "owner": "numtide",
        "repo": "flake-utils",
        "rev": "c6169a2772643c4a93a0b5ac1c61e296cba68544",
        "type": "github"
      },
      "original": {
        "owner": "numtide",
        "repo": "flake-utils",
        "type": "github"
      }
    },
    "home": {
      "inputs": {
        "nixpkgs": "nixpkgs"
      },
      "locked": {
        "lastModified": 1617824794,
        "narHash": "sha256-UGkvzx0nIXHhNq/KwJLjXvKAQRE2V33MuX+UirvqrkQ=",
        "owner": "rycee",
        "repo": "home-manager",
        "rev": "2aa20ae969f2597c4df10a094440a66e9d7f8c86",
        "type": "github"
      },
      "original": {
        "owner": "rycee",
        "ref": "release-20.09",
        "repo": "home-manager",
        "type": "github"
      }
    },
    "kakoune-cr": {
      "inputs": {
        "flake-utils": "flake-utils_2",
        "nixpkgs": "nixpkgs_2"
      },
      "locked": {
        "lastModified": 1618699036,
        "narHash": "sha256-yZotL3RFZYDwHlxBvMFfVcY6p8jxLGxRvKK1AIiys1Q=",
        "owner": "parasrah",
        "repo": "kakoune.cr",
        "rev": "6f9e1ccd9361505e21518e552addc56f3c7dccb0",
        "type": "github"
      },
      "original": {
        "owner": "parasrah",
        "repo": "kakoune.cr",
        "type": "github"
      }
    },
    "nixpkgs": {
      "locked": {
        "lastModified": 1618959640,
        "narHash": "sha256-mqwy8vFphfjzpeAd6Hhi6n0M2jC5RX3iqKJuEzWfrG0=",
        "owner": "NixOS",
        "repo": "nixpkgs",
        "rev": "4f8cfd1c2e307576c7a88934e1ff42a8d46388f5",
        "type": "github"
      },
      "original": {
        "id": "nixpkgs",
        "type": "indirect"
      }
    },
    "nixpkgs-unstable": {
      "locked": {
        "lastModified": 1618801528,
        "narHash": "sha256-1ru9LzP33ElEAZcDzYLgJQG3/uHhAg0LFJEfVZSOPZg=",
        "owner": "NixOS",
        "repo": "nixpkgs",
        "rev": "0a5f5bab0e08e968ef25cff393312aa51a3512cf",
        "type": "github"
      },
      "original": {
        "owner": "NixOS",
        "ref": "nixos-unstable",
        "repo": "nixpkgs",
        "type": "github"
      }
    },
    "nixpkgs_2": {
      "locked": {
        "lastModified": 1618530127,
        "narHash": "sha256-jQPk7XpabppYa+GIO5LVTtUFhHq/VqHhPggwIKhTCnQ=",
        "owner": "NixOS",
        "repo": "nixpkgs",
        "rev": "294d1925af6462e55c76b49624b983036f0093b9",
        "type": "github"
      },
      "original": {
        "owner": "NixOS",
        "ref": "nixpkgs-unstable",
        "repo": "nixpkgs",
        "type": "github"
      }
    },
    "nixpkgs_3": {
      "locked": {
        "lastModified": 1618942778,
        "narHash": "sha256-k4zWLjNokLjhHT79RpmlFjQ7r0a1jc2BM62Jvgd0bF4=",
        "owner": "NixOS",
        "repo": "nixpkgs",
        "rev": "17a28909d4e8f8568b2640b6dcdff85cf372c6df",
        "type": "github"
      },
      "original": {
        "owner": "NixOS",
        "ref": "nixos-20.09",
        "repo": "nixpkgs",
        "type": "github"
      }
    },
    "root": {
      "inputs": {
        "dotfiles": "dotfiles",
        "dungeondraft": "dungeondraft",
        "flake-utils": "flake-utils",
        "home": "home",
        "kakoune-cr": "kakoune-cr",
        "nixpkgs": "nixpkgs_3",
        "nixpkgs-unstable": "nixpkgs-unstable",
        "sops-nix": "sops-nix",
        "wonderdraft": "wonderdraft"
      }
    },
    "sops-nix": {
      "inputs": {
        "nixpkgs": [
          "nixpkgs"
        ]
      },
      "locked": {
        "lastModified": 1618840526,
        "narHash": "sha256-3VAac44xE+kO8o7BQXLqHrAMUQT+XqIK8BcLkEEDwOA=",
        "owner": "Mic92",
        "repo": "sops-nix",
        "rev": "4f384662a85804fa2bc1bc1f99e70bb468e76f88",
        "type": "github"
      },
      "original": {
        "owner": "Mic92",
        "repo": "sops-nix",
        "type": "github"
      }
    },
    "wonderdraft": {
      "flake": false,
      "locked": {
        "narHash": "sha256-zRlUDRX1gEZ/N0jl+ASGAkQCN4LcN+z6Fy/8CqJ9Osw=",
        "path": "/etc/nixos/pkgs/wonderdraft",
        "type": "path"
      },
      "original": {
        "path": "/etc/nixos/pkgs/wonderdraft",
        "type": "path"
      }
    }
  },
  "root": "root",
  "version": 7
}
