{
  "nodes": {
    "dotfiles": {
      "flake": false,
      "locked": {
        "narHash": "sha256-6f9sGerSd8HXo/nuomu2W3CTECnYxvYT4pbP4aPDY5U=",
        "path": "/etc/nixos/users/parasrah/dotfiles",
        "type": "path"
      },
      "original": {
        "path": "/etc/nixos/users/parasrah/dotfiles",
        "type": "path"
      }
    },
    "dungeondraft": {
      "flake": false,
      "locked": {
        "narHash": "sha256-AvOC/0DIIiiz9bmL9w6yXhSkAdPKywOAxuG64Y+lJZE=",
        "path": "/etc/nixos/pkgs/dungeondraft",
        "type": "path"
      },
      "original": {
        "path": "/etc/nixos/pkgs/dungeondraft",
        "type": "path"
      }
    },
    "flake-utils": {
      "locked": {
        "lastModified": 1620759905,
        "narHash": "sha256-WiyWawrgmyN0EdmiHyG2V+fqReiVi8bM9cRdMaKQOFg=",
        "owner": "numtide",
        "repo": "flake-utils",
        "rev": "b543720b25df6ffdfcf9227afafc5b8c1fabfae8",
        "type": "github"
      },
      "original": {
        "owner": "numtide",
        "repo": "flake-utils",
        "type": "github"
      }
    },
    "flake-utils_2": {
      "locked": {
        "lastModified": 1618217525,
        "narHash": "sha256-WGrhVczjXTiswQaoxQ+0PTfbLNeOQM6M36zvLn78AYg=",
        "owner": "numtide",
        "repo": "flake-utils",
        "rev": "c6169a2772643c4a93a0b5ac1c61e296cba68544",
        "type": "github"
      },
      "original": {
        "owner": "numtide",
        "repo": "flake-utils",
        "type": "github"
      }
    },
    "home-manager": {
      "inputs": {
        "nixpkgs": [
          "nixpkgs"
        ]
      },
      "locked": {
        "lastModified": 1617824794,
        "narHash": "sha256-UGkvzx0nIXHhNq/KwJLjXvKAQRE2V33MuX+UirvqrkQ=",
        "owner": "nix-community",
        "repo": "home-manager",
        "rev": "2aa20ae969f2597c4df10a094440a66e9d7f8c86",
        "type": "github"
      },
      "original": {
        "owner": "nix-community",
        "ref": "release-20.09",
        "repo": "home-manager",
        "type": "github"
      }
    },
    "kakoune-cr": {
      "inputs": {
        "flake-utils": "flake-utils_2",
        "nixpkgs": "nixpkgs"
      },
      "locked": {
        "lastModified": 1618699036,
        "narHash": "sha256-yZotL3RFZYDwHlxBvMFfVcY6p8jxLGxRvKK1AIiys1Q=",
        "owner": "parasrah",
        "repo": "kakoune.cr",
        "rev": "6f9e1ccd9361505e21518e552addc56f3c7dccb0",
        "type": "github"
      },
      "original": {
        "owner": "parasrah",
        "repo": "kakoune.cr",
        "type": "github"
      }
    },
    "nixpkgs": {
      "locked": {
        "lastModified": 1618530127,
        "narHash": "sha256-jQPk7XpabppYa+GIO5LVTtUFhHq/VqHhPggwIKhTCnQ=",
        "owner": "NixOS",
        "repo": "nixpkgs",
        "rev": "294d1925af6462e55c76b49624b983036f0093b9",
        "type": "github"
      },
      "original": {
        "owner": "NixOS",
        "ref": "nixpkgs-unstable",
        "repo": "nixpkgs",
        "type": "github"
      }
    },
    "nixpkgs-unstable": {
      "locked": {
        "lastModified": 1622194753,
        "narHash": "sha256-76qtvFp/vFEz46lz5iZMJ0mnsWQYmuGYlb0fHgKqqMg=",
        "owner": "NixOS",
        "repo": "nixpkgs",
        "rev": "540dccb2aeaffa9dc69bfdc41c55abd7ccc6baa3",
        "type": "github"
      },
      "original": {
        "owner": "NixOS",
        "ref": "nixos-unstable",
        "repo": "nixpkgs",
        "type": "github"
      }
    },
    "nixpkgs_2": {
      "locked": {
        "lastModified": 1620737162,
        "narHash": "sha256-dFQg2c/fcBqPMz/fNvx6PyTHTpL7wGKraaikmFEougU=",
        "owner": "NixOS",
        "repo": "nixpkgs",
        "rev": "6e83cfb005c6281ab10e908f6386fe1499b67feb",
        "type": "github"
      },
      "original": {
        "owner": "NixOS",
        "ref": "nixos-20.09",
        "repo": "nixpkgs",
        "type": "github"
      }
    },
    "root": {
      "inputs": {
        "dotfiles": "dotfiles",
        "dungeondraft": "dungeondraft",
        "flake-utils": "flake-utils",
        "home-manager": "home-manager",
        "kakoune-cr": "kakoune-cr",
        "nixpkgs": "nixpkgs_2",
        "nixpkgs-unstable": "nixpkgs-unstable",
        "secrets": "secrets",
        "sops-nix": "sops-nix",
        "wonderdraft": "wonderdraft"
      }
    },
    "secrets": {
      "flake": false,
      "locked": {
        "narHash": "sha256-gfbD2tDW/JODGce3MWHBftwV/HtkcbmwpFNqy+X+gwE=",
        "path": "/etc/nixos/secrets",
        "type": "path"
      },
      "original": {
        "path": "/etc/nixos/secrets",
        "type": "path"
      }
    },
    "sops-nix": {
      "inputs": {
        "nixpkgs": [
          "nixpkgs"
        ]
      },
      "locked": {
        "lastModified": 1618840526,
        "narHash": "sha256-3VAac44xE+kO8o7BQXLqHrAMUQT+XqIK8BcLkEEDwOA=",
        "owner": "Mic92",
        "repo": "sops-nix",
        "rev": "4f384662a85804fa2bc1bc1f99e70bb468e76f88",
        "type": "github"
      },
      "original": {
        "owner": "Mic92",
        "repo": "sops-nix",
        "type": "github"
      }
    },
    "wonderdraft": {
      "flake": false,
      "locked": {
        "narHash": "sha256-zRlUDRX1gEZ/N0jl+ASGAkQCN4LcN+z6Fy/8CqJ9Osw=",
        "path": "/etc/nixos/pkgs/wonderdraft",
        "type": "path"
      },
      "original": {
        "path": "/etc/nixos/pkgs/wonderdraft",
        "type": "path"
      }
    }
  },
  "root": "root",
  "version": 7
}
